
Microsoft Visual Studio Solution File, Format Version 11.00
# Visual Studio 2010 Express for Windows Phone
Project("{FAE04EC0-301F-11D3-BF4B-00C04F79EFBC}") = "Summarizer.Phone", "Summarizer.Presentation\Summarizer.Phone.csproj", "{64A797F7-4B7D-4909-A6FA-F8D5946CE09B}"
EndProject
Project("{FAE04EC0-301F-11D3-BF4B-00C04F79EFBC}") = "Summarizer.Core", "Summarizer.Core\Summarizer.Core.csproj", "{3D903352-D3D9-4269-8CE3-E6BDC36F8666}"
EndProject
Project("{FAE04EC0-301F-11D3-BF4B-00C04F79EFBC}") = "Summarizer.Win", "Summarizer.Win\Summarizer.Win.csproj", "{774D9E9A-FF9E-4141-B81F-B23001B41326}"
EndProject
Global
	GlobalSection(SolutionConfigurationPlatforms) = preSolution
		Debug|Any CPU = Debug|Any CPU
		Release|Any CPU = Release|Any CPU
	EndGlobalSection
	GlobalSection(ProjectConfigurationPlatforms) = postSolution
		{64A797F7-4B7D-4909-A6FA-F8D5946CE09B}.Debug|Any CPU.ActiveCfg = Debug|Any CPU
		{64A797F7-4B7D-4909-A6FA-F8D5946CE09B}.Debug|Any CPU.Build.0 = Debug|Any CPU
		{64A797F7-4B7D-4909-A6FA-F8D5946CE09B}.Debug|Any CPU.Deploy.0 = Debug|Any CPU
		{64A797F7-4B7D-4909-A6FA-F8D5946CE09B}.Release|Any CPU.ActiveCfg = Release|Any CPU
		{64A797F7-4B7D-4909-A6FA-F8D5946CE09B}.Release|Any CPU.Build.0 = Release|Any CPU
		{64A797F7-4B7D-4909-A6FA-F8D5946CE09B}.Release|Any CPU.Deploy.0 = Release|Any CPU
		{3D903352-D3D9-4269-8CE3-E6BDC36F8666}.Debug|Any CPU.ActiveCfg = Debug|Any CPU
		{3D903352-D3D9-4269-8CE3-E6BDC36F8666}.Debug|Any CPU.Build.0 = Debug|Any CPU
		{3D903352-D3D9-4269-8CE3-E6BDC36F8666}.Release|Any CPU.ActiveCfg = Release|Any CPU
		{3D903352-D3D9-4269-8CE3-E6BDC36F8666}.Release|Any CPU.Build.0 = Release|Any CPU
		{774D9E9A-FF9E-4141-B81F-B23001B41326}.Debug|Any CPU.ActiveCfg = Debug|Any CPU
		{774D9E9A-FF9E-4141-B81F-B23001B41326}.Debug|Any CPU.Build.0 = Debug|Any CPU
		{774D9E9A-FF9E-4141-B81F-B23001B41326}.Release|Any CPU.ActiveCfg = Release|Any CPU
		{774D9E9A-FF9E-4141-B81F-B23001B41326}.Release|Any CPU.Build.0 = Release|Any CPU
	EndGlobalSection
	GlobalSection(SolutionProperties) = preSolution
		HideSolutionNode = FALSE
	EndGlobalSection
EndGlobal
